// !$*UTF8*$!
{
	archiveVersion = 1;
	classes = {
	};
	objectVersion = 50;
	objects = {

/* Begin PBXBuildFile section */
		1D89D3D8217A79020099F68F /* AppDelegate.swift in Sources */ = {isa = PBXBuildFile; fileRef = 1D89D3D7217A79020099F68F /* AppDelegate.swift */; };
		1D89D3DA217A79020099F68F /* ViewController.swift in Sources */ = {isa = PBXBuildFile; fileRef = 1D89D3D9217A79020099F68F /* ViewController.swift */; };
		1D89D3DD217A79020099F68F /* Main.storyboard in Resources */ = {isa = PBXBuildFile; fileRef = 1D89D3DB217A79020099F68F /* Main.storyboard */; };
		1D89D3DF217A79040099F68F /* Assets.xcassets in Resources */ = {isa = PBXBuildFile; fileRef = 1D89D3DE217A79040099F68F /* Assets.xcassets */; };
		1D89D3E2217A79040099F68F /* LaunchScreen.storyboard in Resources */ = {isa = PBXBuildFile; fileRef = 1D89D3E0217A79040099F68F /* LaunchScreen.storyboard */; };
		1D89D3F5217A7A900099F68F /* PuiSegmentedControl.framework in Frameworks */ = {isa = PBXBuildFile; fileRef = 1D89D3F1217A7A5D0099F68F /* PuiSegmentedControl.framework */; };
		1DEEE04A21B996EB0054D176 /* CustomPuiSegmentedControl.swift in Sources */ = {isa = PBXBuildFile; fileRef = 1DEEE04921B996EB0054D176 /* CustomPuiSegmentedControl.swift */; };
/* End PBXBuildFile section */

/* Begin PBXContainerItemProxy section */
		1D89D3F0217A7A5D0099F68F /* PBXContainerItemProxy */ = {
			isa = PBXContainerItemProxy;
			containerPortal = 1D89D3EB217A7A5D0099F68F /* PuiSegmentedControl.xcodeproj */;
			proxyType = 2;
			remoteGlobalIDString = 1DDCB810217A713C00FAF796;
			remoteInfo = PuiSegmentedControl;
		};
		1D89D3F2217A7A5D0099F68F /* PBXContainerItemProxy */ = {
			isa = PBXContainerItemProxy;
			containerPortal = 1D89D3EB217A7A5D0099F68F /* PuiSegmentedControl.xcodeproj */;
			proxyType = 2;
			remoteGlobalIDString = 1DDCB819217A713C00FAF796;
			remoteInfo = PuiSegmentedControlTests;
		};
/* End PBXContainerItemProxy section */

/* Begin PBXFileReference section */
		1D89D3D4217A79020099F68F /* PuiSegmentedControlExample.app */ = {isa = PBXFileReference; explicitFileType = wrapper.application; includeInIndex = 0; path = PuiSegmentedControlExample.app; sourceTree = BUILT_PRODUCTS_DIR; };
		1D89D3D7217A79020099F68F /* AppDelegate.swift */ = {isa = PBXFileReference; lastKnownFileType = sourcecode.swift; path = AppDelegate.swift; sourceTree = "<group>"; };
		1D89D3D9217A79020099F68F /* ViewController.swift */ = {isa = PBXFileReference; lastKnownFileType = sourcecode.swift; path = ViewController.swift; sourceTree = "<group>"; };
		1D89D3DC217A79020099F68F /* Base */ = {isa = PBXFileReference; lastKnownFileType = file.storyboard; name = Base; path = Base.lproj/Main.storyboard; sourceTree = "<group>"; };
		1D89D3DE217A79040099F68F /* Assets.xcassets */ = {isa = PBXFileReference; lastKnownFileType = folder.assetcatalog; path = Assets.xcassets; sourceTree = "<group>"; };
		1D89D3E1217A79040099F68F /* Base */ = {isa = PBXFileReference; lastKnownFileType = file.storyboard; name = Base; path = Base.lproj/LaunchScreen.storyboard; sourceTree = "<group>"; };
		1D89D3E3217A79040099F68F /* Info.plist */ = {isa = PBXFileReference; lastKnownFileType = text.plist.xml; path = Info.plist; sourceTree = "<group>"; };
		1D89D3EB217A7A5D0099F68F /* PuiSegmentedControl.xcodeproj */ = {isa = PBXFileReference; lastKnownFileType = "wrapper.pb-project"; name = PuiSegmentedControl.xcodeproj; path = ../../PuiSegmentedControl.xcodeproj; sourceTree = "<group>"; };
		1DEEE04921B996EB0054D176 /* CustomPuiSegmentedControl.swift */ = {isa = PBXFileReference; lastKnownFileType = sourcecode.swift; path = CustomPuiSegmentedControl.swift; sourceTree = "<group>"; };
/* End PBXFileReference section */

/* Begin PBXFrameworksBuildPhase section */
		1D89D3D1217A79020099F68F /* Frameworks */ = {
			isa = PBXFrameworksBuildPhase;
			buildActionMask = 2147483647;
			files = (
				1D89D3F5217A7A900099F68F /* PuiSegmentedControl.framework in Frameworks */,
			);
			runOnlyForDeploymentPostprocessing = 0;
		};
/* End PBXFrameworksBuildPhase section */

/* Begin PBXGroup section */
		1D89D3CB217A79020099F68F = {
			isa = PBXGroup;
			children = (
				1D89D3D6217A79020099F68F /* Source */,
				1D89D3D5217A79020099F68F /* Products */,
				1D89D3EB217A7A5D0099F68F /* PuiSegmentedControl.xcodeproj */,
				1D89D3F4217A7A900099F68F /* Frameworks */,
			);
			sourceTree = "<group>";
		};
		1D89D3D5217A79020099F68F /* Products */ = {
			isa = PBXGroup;
			children = (
				1D89D3D4217A79020099F68F /* PuiSegmentedControlExample.app */,
			);
			name = Products;
			sourceTree = "<group>";
		};
		1D89D3D6217A79020099F68F /* Source */ = {
			isa = PBXGroup;
			children = (
				1D89D3D7217A79020099F68F /* AppDelegate.swift */,
				1DEEE04921B996EB0054D176 /* CustomPuiSegmentedControl.swift */,
				1D89D3DB217A79020099F68F /* Main.storyboard */,
				1D89D3D9217A79020099F68F /* ViewController.swift */,
				1D89D3EA217A79430099F68F /* Supporting Files */,
			);
			path = Source;
			sourceTree = "<group>";
		};
		1D89D3EA217A79430099F68F /* Supporting Files */ = {
			isa = PBXGroup;
			children = (
				1D89D3DE217A79040099F68F /* Assets.xcassets */,
				1D89D3E3217A79040099F68F /* Info.plist */,
				1D89D3E0217A79040099F68F /* LaunchScreen.storyboard */,
			);
			path = "Supporting Files";
			sourceTree = "<group>";
		};
		1D89D3EC217A7A5D0099F68F /* Products */ = {
			isa = PBXGroup;
			children = (
				1D89D3F1217A7A5D0099F68F /* PuiSegmentedControl.framework */,
				1D89D3F3217A7A5D0099F68F /* PuiSegmentedControlTests.xctest */,
			);
			name = Products;
			sourceTree = "<group>";
		};
		1D89D3F4217A7A900099F68F /* Frameworks */ = {
			isa = PBXGroup;
			children = (
			);
			name = Frameworks;
			sourceTree = "<group>";
		};
/* End PBXGroup section */

/* Begin PBXNativeTarget section */
		1D89D3D3217A79020099F68F /* PuiSegmentedControlExample */ = {
			isa = PBXNativeTarget;
			buildConfigurationList = 1D89D3E6217A79040099F68F /* Build configuration list for PBXNativeTarget "PuiSegmentedControlExample" */;
			buildPhases = (
				1D89D3D0217A79020099F68F /* Sources */,
				1D89D3D1217A79020099F68F /* Frameworks */,
				1D89D3D2217A79020099F68F /* Resources */,
			);
			buildRules = (
			);
			dependencies = (
			);
			name = PuiSegmentedControlExample;
			productName = PuiSegmentedControlExample;
			productReference = 1D89D3D4217A79020099F68F /* PuiSegmentedControlExample.app */;
			productType = "com.apple.product-type.application";
		};
/* End PBXNativeTarget section */

/* Begin PBXProject section */
		1D89D3CC217A79020099F68F /* Project object */ = {
			isa = PBXProject;
			attributes = {
				LastSwiftUpdateCheck = 1000;
				LastUpgradeCheck = 1000;
				ORGANIZATIONNAME = "Kemal Bakacak";
				TargetAttributes = {
					1D89D3D3217A79020099F68F = {
						CreatedOnToolsVersion = 10.0;
					};
				};
			};
			buildConfigurationList = 1D89D3CF217A79020099F68F /* Build configuration list for PBXProject "PuiSegmentedControlExample" */;
			compatibilityVersion = "Xcode 9.3";
			developmentRegion = en;
			hasScannedForEncodings = 0;
			knownRegions = (
				en,
				Base,
			);
			mainGroup = 1D89D3CB217A79020099F68F;
			productRefGroup = 1D89D3D5217A79020099F68F /* Products */;
			projectDirPath = "";
			projectReferences = (
				{
					ProductGroup = 1D89D3EC217A7A5D0099F68F /* Products */;
					ProjectRef = 1D89D3EB217A7A5D0099F68F /* PuiSegmentedControl.xcodeproj */;
				},
			);
			projectRoot = "";
			targets = (
				1D89D3D3217A79020099F68F /* PuiSegmentedControlExample */,
			);
		};
/* End PBXProject section */

/* Begin PBXReferenceProxy section */
		1D89D3F1217A7A5D0099F68F /* PuiSegmentedControl.framework */ = {
			isa = PBXReferenceProxy;
			fileType = wrapper.framework;
			path = PuiSegmentedControl.framework;
			remoteRef = 1D89D3F0217A7A5D0099F68F /* PBXContainerItemProxy */;
			sourceTree = BUILT_PRODUCTS_DIR;
		};
		1D89D3F3217A7A5D0099F68F /* PuiSegmentedControlTests.xctest */ = {
			isa = PBXReferenceProxy;
			fileType = wrapper.cfbundle;
			path = PuiSegmentedControlTests.xctest;
			remoteRef = 1D89D3F2217A7A5D0099F68F /* PBXContainerItemProxy */;
			sourceTree = BUILT_PRODUCTS_DIR;
		};
/* End PBXReferenceProxy section */

/* Begin PBXResourcesBuildPhase section */
		1D89D3D2217A79020099F68F /* Resources */ = {
			isa = PBXResourcesBuildPhase;
			buildActionMask = 2147483647;
			files = (
				1D89D3E2217A79040099F68F /* LaunchScreen.storyboard in Resources */,
				1D89D3DF217A79040099F68F /* Assets.xcassets in Resources */,
				1D89D3DD217A79020099F68F /* Main.storyboard in Resources */,
			);
			runOnlyForDeploymentPostprocessing = 0;
		};
/* End PBXResourcesBuildPhase section */

/* Begin PBXSourcesBuildPhase section */
		1D89D3D0217A79020099F68F /* Sources */ = {
			isa = PBXSourcesBuildPhase;
			buildActionMask = 2147483647;
			files = (
				1D89D3DA217A79020099F68F /* ViewController.swift in Sources */,
				1D89D3D8217A79020099F68F /* AppDelegate.swift in Sources */,
				1DEEE04A21B996EB0054D176 /* CustomPuiSegmentedControl.swift in Sources */,
			);
			runOnlyForDeploymentPostprocessing = 0;
		};
/* End PBXSourcesBuildPhase section */

/* Begin PBXVariantGroup section */
		1D89D3DB217A79020099F68F /* Main.storyboard */ = {
			isa = PBXVariantGroup;
			children = (
				1D89D3DC217A79020099F68F /* Base */,
			);
			name = Main.storyboard;
			sourceTree = "<group>";
		};
		1D89D3E0217A79040099F68F /* LaunchScreen.storyboard */ = {
			isa = PBXVariantGroup;
			children = (
				1D89D3E1217A79040099F68F /* Base */,
			);
			name = LaunchScreen.storyboard;
			sourceTree = "<group>";
		};
/* End PBXVariantGroup section */

/* Begin XCBuildConfiguration section */
		1D89D3E4217A79040099F68F /* Debug */ = {
			isa = XCBuildConfiguration;
			buildSettings = {
				ALWAYS_SEARCH_USER_PATHS = NO;
				CLANG_ANALYZER_NONNULL = YES;
				CLANG_ANALYZER_NUMBER_OBJECT_CONVERSION = YES_AGGRESSIVE;
				CLANG_CXX_LANGUAGE_STANDARD = "gnu++14";
				CLANG_CXX_LIBRARY = "libc++";
				CLANG_ENABLE_MODULES = YES;
				CLANG_ENABLE_OBJC_ARC = YES;
				CLANG_ENABLE_OBJC_WEAK = YES;
				CLANG_WARN_BLOCK_CAPTURE_AUTORELEASING = YES;
				CLANG_WARN_BOOL_CONVERSION = YES;
				CLANG_WARN_COMMA = YES;
				CLANG_WARN_CONSTANT_CONVERSION = YES;
				CLANG_WARN_DEPRECATED_OBJC_IMPLEMENTATIONS = YES;
				CLANG_WARN_DIRECT_OBJC_ISA_USAGE = YES_ERROR;
				CLANG_WARN_DOCUMENTATION_COMMENTS = YES;
				CLANG_WARN_EMPTY_BODY = YES;
				CLANG_WARN_ENUM_CONVERSION = YES;
				CLANG_WARN_INFINITE_RECURSION = YES;
				CLANG_WARN_INT_CONVERSION = YES;
				CLANG_WARN_NON_LITERAL_NULL_CONVERSION = YES;
				CLANG_WARN_OBJC_IMPLICIT_RETAIN_SELF = YES;
				CLANG_WARN_OBJC_LITERAL_CONVERSION = YES;
				CLANG_WARN_OBJC_ROOT_CLASS = YES_ERROR;
				CLANG_WARN_RANGE_LOOP_ANALYSIS = YES;
				CLANG_WARN_STRICT_PROTOTYPES = YES;
				CLANG_WARN_SUSPICIOUS_MOVE = YES;
				CLANG_WARN_UNGUARDED_AVAILABILITY = YES_AGGRESSIVE;
				CLANG_WARN_UNREACHABLE_CODE = YES;
				CLANG_WARN__DUPLICATE_METHOD_MATCH = YES;
				CODE_SIGN_IDENTITY = "iPhone Developer";
				COPY_PHASE_STRIP = NO;
				DEBUG_INFORMATION_FORMAT = dwarf;
				ENABLE_STRICT_OBJC_MSGSEND = YES;
				ENABLE_TESTABILITY = YES;
				GCC_C_LANGUAGE_STANDARD = gnu11;
				GCC_DYNAMIC_NO_PIC = NO;
				GCC_NO_COMMON_BLOCKS = YES;
				GCC_OPTIMIZATION_LEVEL = 0;
				GCC_PREPROCESSOR_DEFINITIONS = (
					"DEBUG=1",
					"$(inherited)",
				);
				GCC_WARN_64_TO_32_BIT_CONVERSION = YES;
				GCC_WARN_ABOUT_RETURN_TYPE = YES_ERROR;
				GCC_WARN_UNDECLARED_SELECTOR = YES;
				GCC_WARN_UNINITIALIZED_AUTOS = YES_AGGRESSIVE;
				GCC_WARN_UNUSED_FUNCTION = YES;
				GCC_WARN_UNUSED_VARIABLE = YES;
				IPHONEOS_DEPLOYMENT_TARGET = 9.0;
				MTL_ENABLE_DEBUG_INFO = INCLUDE_SOURCE;
				MTL_FAST_MATH = YES;
				ONLY_ACTIVE_ARCH = YES;
				SDKROOT = iphoneos;
				SWIFT_ACTIVE_COMPILATION_CONDITIONS = DEBUG;
				SWIFT_OPTIMIZATION_LEVEL = "-Onone";
			};
			name = Debug;
		};
		1D89D3E5217A79040099F68F /* Release */ = {
			isa = XCBuildConfiguration;
			buildSettings = {
				ALWAYS_SEARCH_USER_PATHS = NO;
				CLANG_ANALYZER_NONNULL = YES;
				CLANG_ANALYZER_NUMBER_OBJECT_CONVERSION = YES_AGGRESSIVE;
				CLANG_CXX_LANGUAGE_STANDARD = "gnu++14";
				CLANG_CXX_LIBRARY = "libc++";
				CLANG_ENABLE_MODULES = YES;
				CLANG_ENABLE_OBJC_ARC = YES;
				CLANG_ENABLE_OBJC_WEAK = YES;
				CLANG_WARN_BLOCK_CAPTURE_AUTORELEASING = YES;
				CLANG_WARN_BOOL_CONVERSION = YES;
				CLANG_WARN_COMMA = YES;
				CLANG_WARN_CONSTANT_CONVERSION = YES;
				CLANG_WARN_DEPRECATED_OBJC_IMPLEMENTATIONS = YES;
				CLANG_WARN_DIRECT_OBJC_ISA_USAGE = YES_ERROR;
				CLANG_WARN_DOCUMENTATION_COMMENTS = YES;
				CLANG_WARN_EMPTY_BODY = YES;
				CLANG_WARN_ENUM_CONVERSION = YES;
				CLANG_WARN_INFINITE_RECURSION = YES;
				CLANG_WARN_INT_CONVERSION = YES;
				CLANG_WARN_NON_LITERAL_NULL_CONVERSION = YES;
				CLANG_WARN_OBJC_IMPLICIT_RETAIN_SELF = YES;
				CLANG_WARN_OBJC_LITERAL_CONVERSION = YES;
				CLANG_WARN_OBJC_ROOT_CLASS = YES_ERROR;
				CLANG_WARN_RANGE_LOOP_ANALYSIS = YES;
				CLANG_WARN_STRICT_PROTOTYPES = YES;
				CLANG_WARN_SUSPICIOUS_MOVE = YES;
				CLANG_WARN_UNGUARDED_AVAILABILITY = YES_AGGRESSIVE;
				CLANG_WARN_UNREACHABLE_CODE = YES;
				CLANG_WARN__DUPLICATE_METHOD_MATCH = YES;
				CODE_SIGN_IDENTITY = "iPhone Developer";
				COPY_PHASE_STRIP = NO;
				DEBUG_INFORMATION_FORMAT = "dwarf-with-dsym";
				ENABLE_NS_ASSERTIONS = NO;
				ENABLE_STRICT_OBJC_MSGSEND = YES;
				GCC_C_LANGUAGE_STANDARD = gnu11;
				GCC_NO_COMMON_BLOCKS = YES;
				GCC_WARN_64_TO_32_BIT_CONVERSION = YES;
				GCC_WARN_ABOUT_RETURN_TYPE = YES_ERROR;
				GCC_WARN_UNDECLARED_SELECTOR = YES;
				GCC_WARN_UNINITIALIZED_AUTOS = YES_AGGRESSIVE;
				GCC_WARN_UNUSED_FUNCTION = YES;
				GCC_WARN_UNUSED_VARIABLE = YES;
				IPHONEOS_DEPLOYMENT_TARGET = 9.0;
				MTL_ENABLE_DEBUG_INFO = NO;
				MTL_FAST_MATH = YES;
				SDKROOT = iphoneos;
				SWIFT_COMPILATION_MODE = wholemodule;
				SWIFT_OPTIMIZATION_LEVEL = "-O";
				VALIDATE_PRODUCT = YES;
			};
			name = Release;
		};
		1D89D3E7217A79040099F68F /* Debug */ = {
			isa = XCBuildConfiguration;
			buildSettings = {
				ASSETCATALOG_COMPILER_APPICON_NAME = AppIcon;
				CODE_SIGN_STYLE = Manual;
				DEVELOPMENT_TEAM = "";
				INFOPLIST_FILE = "Source/Supporting Files/Info.plist";
				LD_RUNPATH_SEARCH_PATHS = (
					"$(inherited)",
					"@executable_path/Frameworks",
				);
				PRODUCT_BUNDLE_IDENTIFIER = com.KemalBakacak.PuiSegmentedControlExample;
				PRODUCT_NAME = "$(TARGET_NAME)";
				PROVISIONING_PROFILE_SPECIFIER = "";
				SWIFT_VERSION = 4.2;
				TARGETED_DEVICE_FAMILY = "1,2";
			};
			name = Debug;
		};
		1D89D3E8217A79040099F68F /* Release */ = {
			isa = XCBuildConfiguration;
			buildSettings = {
				ASSETCATALOG_COMPILER_APPICON_NAME = AppIcon;
				CODE_SIGN_STYLE = Manual;
				DEVELOPMENT_TEAM = "";
				INFOPLIST_FILE = "Source/Supporting Files/Info.plist";
				LD_RUNPATH_SEARCH_PATHS = (
					"$(inherited)",
					"@executable_path/Frameworks",
				);
				PRODUCT_BUNDLE_IDENTIFIER = com.KemalBakacak.PuiSegmentedControlExample;
				PRODUCT_NAME = "$(TARGET_NAME)";
				PROVISIONING_PROFILE_SPECIFIER = "";
				SWIFT_VERSION = 4.2;
				TARGETED_DEVICE_FAMILY = "1,2";
			};
			name = Release;
		};
/* End XCBuildConfiguration section */

/* Begin XCConfigurationList section */
		1D89D3CF217A79020099F68F /* Build configuration list for PBXProject "PuiSegmentedControlExample" */ = {
			isa = XCConfigurationList;
			buildConfigurations = (
				1D89D3E4217A79040099F68F /* Debug */,
				1D89D3E5217A79040099F68F /* Release */,
			);
			defaultConfigurationIsVisible = 0;
			defaultConfigurationName = Release;
		};
		1D89D3E6217A79040099F68F /* Build configuration list for PBXNativeTarget "PuiSegmentedControlExample" */ = {
			isa = XCConfigurationList;
			buildConfigurations = (
				1D89D3E7217A79040099F68F /* Debug */,
				1D89D3E8217A79040099F68F /* Release */,
			);
			defaultConfigurationIsVisible = 0;
			defaultConfigurationName = Release;
		};
/* End XCConfigurationList section */
	};
	rootObject = 1D89D3CC217A79020099F68F /* Project object */;
}
